
Microsoft Visual Studio Solution File, Format Version 12.00
# Visual Studio Version 16
VisualStudioVersion = 16.0.30611.23
MinimumVisualStudioVersion = 10.0.40219.1
Project("{FAE04EC0-301F-11D3-BF4B-00C04F79EFBC}") = "Bianca_Shop.Android", "Bianca_Shop.Android\Bianca_Shop.Android.csproj", "{4A065DA8-00CA-4742-BDA4-604EE6E67A22}"
EndProject
Project("{FAE04EC0-301F-11D3-BF4B-00C04F79EFBC}") = "Bianca_Shop.iOS", "Bianca_Shop.iOS\Bianca_Shop.iOS.csproj", "{4C26A706-BFB6-4CE2-B171-B9738191279C}"
EndProject
Project("{FAE04EC0-301F-11D3-BF4B-00C04F79EFBC}") = "Bianca_Shop", "Bianca_Shop\Bianca_Shop.csproj", "{9E57305B-8392-459A-BE0D-436D5269BDC6}"
EndProject
Global
	GlobalSection(SolutionConfigurationPlatforms) = preSolution
		Debug|Any CPU = Debug|Any CPU
		Debug|iPhone = Debug|iPhone
		Debug|iPhoneSimulator = Debug|iPhoneSimulator
		Release|Any CPU = Release|Any CPU
		Release|iPhone = Release|iPhone
		Release|iPhoneSimulator = Release|iPhoneSimulator
	EndGlobalSection
	GlobalSection(ProjectConfigurationPlatforms) = postSolution
		{4A065DA8-00CA-4742-BDA4-604EE6E67A22}.Debug|Any CPU.ActiveCfg = Debug|Any CPU
		{4A065DA8-00CA-4742-BDA4-604EE6E67A22}.Debug|Any CPU.Build.0 = Debug|Any CPU
		{4A065DA8-00CA-4742-BDA4-604EE6E67A22}.Debug|Any CPU.Deploy.0 = Debug|Any CPU
		{4A065DA8-00CA-4742-BDA4-604EE6E67A22}.Debug|iPhone.ActiveCfg = Debug|Any CPU
		{4A065DA8-00CA-4742-BDA4-604EE6E67A22}.Debug|iPhone.Build.0 = Debug|Any CPU
		{4A065DA8-00CA-4742-BDA4-604EE6E67A22}.Debug|iPhone.Deploy.0 = Debug|Any CPU
		{4A065DA8-00CA-4742-BDA4-604EE6E67A22}.Debug|iPhoneSimulator.ActiveCfg = Debug|Any CPU
		{4A065DA8-00CA-4742-BDA4-604EE6E67A22}.Debug|iPhoneSimulator.Build.0 = Debug|Any CPU
		{4A065DA8-00CA-4742-BDA4-604EE6E67A22}.Debug|iPhoneSimulator.Deploy.0 = Debug|Any CPU
		{4A065DA8-00CA-4742-BDA4-604EE6E67A22}.Release|Any CPU.ActiveCfg = Release|Any CPU
		{4A065DA8-00CA-4742-BDA4-604EE6E67A22}.Release|Any CPU.Build.0 = Release|Any CPU
		{4A065DA8-00CA-4742-BDA4-604EE6E67A22}.Release|Any CPU.Deploy.0 = Release|Any CPU
		{4A065DA8-00CA-4742-BDA4-604EE6E67A22}.Release|iPhone.ActiveCfg = Release|Any CPU
		{4A065DA8-00CA-4742-BDA4-604EE6E67A22}.Release|iPhone.Build.0 = Release|Any CPU
		{4A065DA8-00CA-4742-BDA4-604EE6E67A22}.Release|iPhone.Deploy.0 = Release|Any CPU
		{4A065DA8-00CA-4742-BDA4-604EE6E67A22}.Release|iPhoneSimulator.ActiveCfg = Release|Any CPU
		{4A065DA8-00CA-4742-BDA4-604EE6E67A22}.Release|iPhoneSimulator.Build.0 = Release|Any CPU
		{4A065DA8-00CA-4742-BDA4-604EE6E67A22}.Release|iPhoneSimulator.Deploy.0 = Release|Any CPU
		{4C26A706-BFB6-4CE2-B171-B9738191279C}.Debug|Any CPU.ActiveCfg = Debug|iPhone
		{4C26A706-BFB6-4CE2-B171-B9738191279C}.Debug|Any CPU.Build.0 = Debug|iPhone
		{4C26A706-BFB6-4CE2-B171-B9738191279C}.Debug|Any CPU.Deploy.0 = Debug|iPhone
		{4C26A706-BFB6-4CE2-B171-B9738191279C}.Debug|iPhone.ActiveCfg = Debug|iPhone
		{4C26A706-BFB6-4CE2-B171-B9738191279C}.Debug|iPhone.Build.0 = Debug|iPhone
		{4C26A706-BFB6-4CE2-B171-B9738191279C}.Debug|iPhone.Deploy.0 = Debug|iPhone
		{4C26A706-BFB6-4CE2-B171-B9738191279C}.Debug|iPhoneSimulator.ActiveCfg = Debug|iPhoneSimulator
		{4C26A706-BFB6-4CE2-B171-B9738191279C}.Debug|iPhoneSimulator.Build.0 = Debug|iPhoneSimulator
		{4C26A706-BFB6-4CE2-B171-B9738191279C}.Debug|iPhoneSimulator.Deploy.0 = Debug|iPhoneSimulator
		{4C26A706-BFB6-4CE2-B171-B9738191279C}.Release|Any CPU.ActiveCfg = Release|iPhoneSimulator
		{4C26A706-BFB6-4CE2-B171-B9738191279C}.Release|Any CPU.Build.0 = Release|iPhoneSimulator
		{4C26A706-BFB6-4CE2-B171-B9738191279C}.Release|Any CPU.Deploy.0 = Release|iPhoneSimulator
		{4C26A706-BFB6-4CE2-B171-B9738191279C}.Release|iPhone.ActiveCfg = Release|iPhone
		{4C26A706-BFB6-4CE2-B171-B9738191279C}.Release|iPhone.Build.0 = Release|iPhone
		{4C26A706-BFB6-4CE2-B171-B9738191279C}.Release|iPhone.Deploy.0 = Release|iPhone
		{4C26A706-BFB6-4CE2-B171-B9738191279C}.Release|iPhoneSimulator.ActiveCfg = Release|iPhoneSimulator
		{4C26A706-BFB6-4CE2-B171-B9738191279C}.Release|iPhoneSimulator.Build.0 = Release|iPhoneSimulator
		{4C26A706-BFB6-4CE2-B171-B9738191279C}.Release|iPhoneSimulator.Deploy.0 = Release|iPhoneSimulator
		{9E57305B-8392-459A-BE0D-436D5269BDC6}.Debug|Any CPU.ActiveCfg = Debug|Any CPU
		{9E57305B-8392-459A-BE0D-436D5269BDC6}.Debug|Any CPU.Build.0 = Debug|Any CPU
		{9E57305B-8392-459A-BE0D-436D5269BDC6}.Debug|Any CPU.Deploy.0 = Debug|Any CPU
		{9E57305B-8392-459A-BE0D-436D5269BDC6}.Debug|iPhone.ActiveCfg = Debug|Any CPU
		{9E57305B-8392-459A-BE0D-436D5269BDC6}.Debug|iPhone.Build.0 = Debug|Any CPU
		{9E57305B-8392-459A-BE0D-436D5269BDC6}.Debug|iPhone.Deploy.0 = Debug|Any CPU
		{9E57305B-8392-459A-BE0D-436D5269BDC6}.Debug|iPhoneSimulator.ActiveCfg = Debug|Any CPU
		{9E57305B-8392-459A-BE0D-436D5269BDC6}.Debug|iPhoneSimulator.Build.0 = Debug|Any CPU
		{9E57305B-8392-459A-BE0D-436D5269BDC6}.Debug|iPhoneSimulator.Deploy.0 = Debug|Any CPU
		{9E57305B-8392-459A-BE0D-436D5269BDC6}.Release|Any CPU.ActiveCfg = Release|Any CPU
		{9E57305B-8392-459A-BE0D-436D5269BDC6}.Release|Any CPU.Build.0 = Release|Any CPU
		{9E57305B-8392-459A-BE0D-436D5269BDC6}.Release|Any CPU.Deploy.0 = Release|Any CPU
		{9E57305B-8392-459A-BE0D-436D5269BDC6}.Release|iPhone.ActiveCfg = Release|Any CPU
		{9E57305B-8392-459A-BE0D-436D5269BDC6}.Release|iPhone.Build.0 = Release|Any CPU
		{9E57305B-8392-459A-BE0D-436D5269BDC6}.Release|iPhone.Deploy.0 = Release|Any CPU
		{9E57305B-8392-459A-BE0D-436D5269BDC6}.Release|iPhoneSimulator.ActiveCfg = Release|Any CPU
		{9E57305B-8392-459A-BE0D-436D5269BDC6}.Release|iPhoneSimulator.Build.0 = Release|Any CPU
		{9E57305B-8392-459A-BE0D-436D5269BDC6}.Release|iPhoneSimulator.Deploy.0 = Release|Any CPU
	EndGlobalSection
	GlobalSection(SolutionProperties) = preSolution
		HideSolutionNode = FALSE
	EndGlobalSection
	GlobalSection(ExtensibilityGlobals) = postSolution
		SolutionGuid = {159A7B07-806B-479E-A70A-C7F94371F801}
	EndGlobalSection
EndGlobal
